
Microsoft Visual Studio Solution File, Format Version 12.00
# Visual Studio Version 16
VisualStudioVersion = 16.0.29613.14
MinimumVisualStudioVersion = 10.0.40219.1
Project("{9A19103F-16F7-4668-BE54-9A1E7A4F7556}") = "TasksAPI", "ToDoListAPI\TasksAPI.csproj", "{423405DB-233A-4FD3-B66A-B770A6F6D123}"
EndProject
Project("{9A19103F-16F7-4668-BE54-9A1E7A4F7556}") = "TasksService", "ToDoListService\TasksService.csproj", "{B758D14A-2F1D-4361-984E-EB94747099A2}"
EndProject
Project("{9A19103F-16F7-4668-BE54-9A1E7A4F7556}") = "TasksModels", "ToDoListModels\TasksModels.csproj", "{4A112CB7-CDF2-45A9-9133-35CAA323817D}"
EndProject
Global
	GlobalSection(SolutionConfigurationPlatforms) = preSolution
		Debug|Any CPU = Debug|Any CPU
		Release|Any CPU = Release|Any CPU
	EndGlobalSection
	GlobalSection(ProjectConfigurationPlatforms) = postSolution
		{423405DB-233A-4FD3-B66A-B770A6F6D123}.Debug|Any CPU.ActiveCfg = Debug|Any CPU
		{423405DB-233A-4FD3-B66A-B770A6F6D123}.Debug|Any CPU.Build.0 = Debug|Any CPU
		{423405DB-233A-4FD3-B66A-B770A6F6D123}.Release|Any CPU.ActiveCfg = Release|Any CPU
		{423405DB-233A-4FD3-B66A-B770A6F6D123}.Release|Any CPU.Build.0 = Release|Any CPU
		{B758D14A-2F1D-4361-984E-EB94747099A2}.Debug|Any CPU.ActiveCfg = Debug|Any CPU
		{B758D14A-2F1D-4361-984E-EB94747099A2}.Debug|Any CPU.Build.0 = Debug|Any CPU
		{B758D14A-2F1D-4361-984E-EB94747099A2}.Release|Any CPU.ActiveCfg = Release|Any CPU
		{B758D14A-2F1D-4361-984E-EB94747099A2}.Release|Any CPU.Build.0 = Release|Any CPU
		{4A112CB7-CDF2-45A9-9133-35CAA323817D}.Debug|Any CPU.ActiveCfg = Debug|Any CPU
		{4A112CB7-CDF2-45A9-9133-35CAA323817D}.Debug|Any CPU.Build.0 = Debug|Any CPU
		{4A112CB7-CDF2-45A9-9133-35CAA323817D}.Release|Any CPU.ActiveCfg = Release|Any CPU
		{4A112CB7-CDF2-45A9-9133-35CAA323817D}.Release|Any CPU.Build.0 = Release|Any CPU
	EndGlobalSection
	GlobalSection(SolutionProperties) = preSolution
		HideSolutionNode = FALSE
	EndGlobalSection
	GlobalSection(ExtensibilityGlobals) = postSolution
		SolutionGuid = {6A9E5F4F-6F80-4BCC-B9C5-64ECBDB8E243}
	EndGlobalSection
EndGlobal
